
Microsoft Visual Studio Solution File, Format Version 12.00
# Visual Studio 15
VisualStudioVersion = 15.0.28010.2050
MinimumVisualStudioVersion = 10.0.40219.1
Project("{FAE04EC0-301F-11D3-BF4B-00C04F79EFBC}") = "AdvancedConcepts", "AdvancedConcepts\AdvancedConcepts.csproj", "{ADCC318E-37B7-4406-B150-157F75145F03}"
EndProject
Global
	GlobalSection(SolutionConfigurationPlatforms) = preSolution
		Debug|Any CPU = Debug|Any CPU
		Release|Any CPU = Release|Any CPU
	EndGlobalSection
	GlobalSection(ProjectConfigurationPlatforms) = postSolution
		{ADCC318E-37B7-4406-B150-157F75145F03}.Debug|Any CPU.ActiveCfg = Debug|Any CPU
		{ADCC318E-37B7-4406-B150-157F75145F03}.Debug|Any CPU.Build.0 = Debug|Any CPU
		{ADCC318E-37B7-4406-B150-157F75145F03}.Release|Any CPU.ActiveCfg = Release|Any CPU
		{ADCC318E-37B7-4406-B150-157F75145F03}.Release|Any CPU.Build.0 = Release|Any CPU
	EndGlobalSection
	GlobalSection(SolutionProperties) = preSolution
		HideSolutionNode = FALSE
	EndGlobalSection
	GlobalSection(ExtensibilityGlobals) = postSolution
		SolutionGuid = {3747CA8E-DA9A-4D2D-9677-3BB35E95BE1F}
	EndGlobalSection
EndGlobal
